Microsoft Visual Studio Solution File, Format Version 12.00
# Visual Studio 16
Project("{8BC9CEB8-8B4A-11D0-8D11-00A0C91BC942}") = "ALL_BUILD", "ALL_BUILD.vcxproj", "{6E88F021-45B3-3150-B760-3F9A690672F9}"
	ProjectSection(ProjectDependencies) = postProject
		{72FDEAB5-7E55-38A6-B95B-53F2B50ED177} = {72FDEAB5-7E55-38A6-B95B-53F2B50ED177}
		{DB237DBD-12E9-3B3C-AAA7-375A1F03F2DF} = {DB237DBD-12E9-3B3C-AAA7-375A1F03F2DF}
		{588EB901-EC94-37AE-AFDB-AFD178883022} = {588EB901-EC94-37AE-AFDB-AFD178883022}
		{F528D4B3-FC86-3638-909A-557D2DFD67E5} = {F528D4B3-FC86-3638-909A-557D2DFD67E5}
		{C69E359A-623C-3CCB-9426-64E0E0CDC505} = {C69E359A-623C-3CCB-9426-64E0E0CDC505}
		{6495AFA9-6CB2-3593-BE64-42BDB2E04ACC} = {6495AFA9-6CB2-3593-BE64-42BDB2E04ACC}
		{CD6E884B-D7DD-3654-9336-CA69CA19906E} = {CD6E884B-D7DD-3654-9336-CA69CA19906E}
		{04A23518-9027-3841-95AA-1F874930D491} = {04A23518-9027-3841-95AA-1F874930D491}
		{B4ED49F6-97A4-3206-B016-D71B88DE666E} = {B4ED49F6-97A4-3206-B016-D71B88DE666E}
		{B180ECEB-2325-3074-A6B3-485F844DBA01} = {B180ECEB-2325-3074-A6B3-485F844DBA01}
		{A8C59696-DB6D-326D-8C16-93002CBB5782} = {A8C59696-DB6D-326D-8C16-93002CBB5782}
		{661220A5-8132-35A7-ACD6-44B79DB27F11} = {661220A5-8132-35A7-ACD6-44B79DB27F11}
		{D399B64F-611C-341B-8D99-02D6FC9F7EC6} = {D399B64F-611C-341B-8D99-02D6FC9F7EC6}
		{27A4B1C2-17E1-3DF1-9680-62858E57F74F} = {27A4B1C2-17E1-3DF1-9680-62858E57F74F}
		{5900CF0D-DA86-3B4A-BD68-F6D9F5EF710F} = {5900CF0D-DA86-3B4A-BD68-F6D9F5EF710F}
		{7B757306-7C52-357E-A712-02B9FD6D101C} = {7B757306-7C52-357E-A712-02B9FD6D101C}
		{E51A1F22-64D9-38D0-9B1B-68B8FF55AB30} = {E51A1F22-64D9-38D0-9B1B-68B8FF55AB30}
		{F024D1CB-D0C0-31EE-B238-25FCDCB5B89F} = {F024D1CB-D0C0-31EE-B238-25FCDCB5B89F}
		{37F6A1E4-6033-3625-B553-673823F4F2B1} = {37F6A1E4-6033-3625-B553-673823F4F2B1}
		{9B2196DA-C699-3334-9630-64A6002354ED} = {9B2196DA-C699-3334-9630-64A6002354ED}
		{1CA0B4AD-7A53-3726-B784-56BFB3CD8920} = {1CA0B4AD-7A53-3726-B784-56BFB3CD8920}
		{4215BF52-4C95-3F0C-81CD-4E0E17D7C9C2} = {4215BF52-4C95-3F0C-81CD-4E0E17D7C9C2}
		{B062488E-B0D0-3601-99C5-58C7996EA1AD} = {B062488E-B0D0-3601-99C5-58C7996EA1AD}
		{88CF107F-A351-3564-B998-03CD745967E6} = {88CF107F-A351-3564-B998-03CD745967E6}
		{FC154830-1042-3E4A-8CEF-6C371835094D} = {FC154830-1042-3E4A-8CEF-6C371835094D}
		{2B85B007-62BA-30BB-8BE7-ED45FD9FFAF3} = {2B85B007-62BA-30BB-8BE7-ED45FD9FFAF3}
		{01E7CC49-BCCA-3661-88E6-9F6D1D1C2FC9} = {01E7CC49-BCCA-3661-88E6-9F6D1D1C2FC9}
	EndProjectSection
EndProject
Project("{8BC9CEB8-8B4A-11D0-8D11-00A0C91BC942}") = "CallbackMaker", "CallbackMaker.vcxproj", "{72FDEAB5-7E55-38A6-B95B-53F2B50ED177}"
	ProjectSection(ProjectDependencies) = postProject
		{D399B64F-611C-341B-8D99-02D6FC9F7EC6} = {D399B64F-611C-341B-8D99-02D6FC9F7EC6}
		{27A4B1C2-17E1-3DF1-9680-62858E57F74F} = {27A4B1C2-17E1-3DF1-9680-62858E57F74F}
	EndProjectSection
EndProject
Project("{8BC9CEB8-8B4A-11D0-8D11-00A0C91BC942}") = "CallbackMaker_static", "CallbackMaker_static.vcxproj", "{DB237DBD-12E9-3B3C-AAA7-375A1F03F2DF}"
	ProjectSection(ProjectDependencies) = postProject
		{D399B64F-611C-341B-8D99-02D6FC9F7EC6} = {D399B64F-611C-341B-8D99-02D6FC9F7EC6}
		{5900CF0D-DA86-3B4A-BD68-F6D9F5EF710F} = {5900CF0D-DA86-3B4A-BD68-F6D9F5EF710F}
	EndProjectSection
EndProject
Project("{8BC9CEB8-8B4A-11D0-8D11-00A0C91BC942}") = "Fractals", "Fractals.vcxproj", "{588EB901-EC94-37AE-AFDB-AFD178883022}"
	ProjectSection(ProjectDependencies) = postProject
		{D399B64F-611C-341B-8D99-02D6FC9F7EC6} = {D399B64F-611C-341B-8D99-02D6FC9F7EC6}
		{27A4B1C2-17E1-3DF1-9680-62858E57F74F} = {27A4B1C2-17E1-3DF1-9680-62858E57F74F}
	EndProjectSection
EndProject
Project("{8BC9CEB8-8B4A-11D0-8D11-00A0C91BC942}") = "Fractals_random", "Fractals_random.vcxproj", "{F528D4B3-FC86-3638-909A-557D2DFD67E5}"
	ProjectSection(ProjectDependencies) = postProject
		{D399B64F-611C-341B-8D99-02D6FC9F7EC6} = {D399B64F-611C-341B-8D99-02D6FC9F7EC6}
		{27A4B1C2-17E1-3DF1-9680-62858E57F74F} = {27A4B1C2-17E1-3DF1-9680-62858E57F74F}
	EndProjectSection
EndProject
Project("{8BC9CEB8-8B4A-11D0-8D11-00A0C91BC942}") = "Fractals_random_static", "Fractals_random_static.vcxproj", "{C69E359A-623C-3CCB-9426-64E0E0CDC505}"
	ProjectSection(ProjectDependencies) = postProject
		{D399B64F-611C-341B-8D99-02D6FC9F7EC6} = {D399B64F-611C-341B-8D99-02D6FC9F7EC6}
		{5900CF0D-DA86-3B4A-BD68-F6D9F5EF710F} = {5900CF0D-DA86-3B4A-BD68-F6D9F5EF710F}
	EndProjectSection
EndProject
Project("{8BC9CEB8-8B4A-11D0-8D11-00A0C91BC942}") = "Fractals_static", "Fractals_static.vcxproj", "{6495AFA9-6CB2-3593-BE64-42BDB2E04ACC}"
	ProjectSection(ProjectDependencies) = postProject
		{D399B64F-611C-341B-8D99-02D6FC9F7EC6} = {D399B64F-611C-341B-8D99-02D6FC9F7EC6}
		{5900CF0D-DA86-3B4A-BD68-F6D9F5EF710F} = {5900CF0D-DA86-3B4A-BD68-F6D9F5EF710F}
	EndProjectSection
EndProject
Project("{8BC9CEB8-8B4A-11D0-8D11-00A0C91BC942}") = "INSTALL", "INSTALL.vcxproj", "{F406BE06-251E-3C8F-884A-B73D238CDE69}"
	ProjectSection(ProjectDependencies) = postProject
		{6E88F021-45B3-3150-B760-3F9A690672F9} = {6E88F021-45B3-3150-B760-3F9A690672F9}
		{D399B64F-611C-341B-8D99-02D6FC9F7EC6} = {D399B64F-611C-341B-8D99-02D6FC9F7EC6}
	EndProjectSection
EndProject
Project("{8BC9CEB8-8B4A-11D0-8D11-00A0C91BC942}") = "Lorenz", "Lorenz.vcxproj", "{CD6E884B-D7DD-3654-9336-CA69CA19906E}"
	ProjectSection(ProjectDependencies) = postProject
		{D399B64F-611C-341B-8D99-02D6FC9F7EC6} = {D399B64F-611C-341B-8D99-02D6FC9F7EC6}
		{27A4B1C2-17E1-3DF1-9680-62858E57F74F} = {27A4B1C2-17E1-3DF1-9680-62858E57F74F}
	EndProjectSection
EndProject
Project("{8BC9CEB8-8B4A-11D0-8D11-00A0C91BC942}") = "Lorenz_static", "Lorenz_static.vcxproj", "{04A23518-9027-3841-95AA-1F874930D491}"
	ProjectSection(ProjectDependencies) = postProject
		{D399B64F-611C-341B-8D99-02D6FC9F7EC6} = {D399B64F-611C-341B-8D99-02D6FC9F7EC6}
		{5900CF0D-DA86-3B4A-BD68-F6D9F5EF710F} = {5900CF0D-DA86-3B4A-BD68-F6D9F5EF710F}
	EndProjectSection
EndProject
Project("{8BC9CEB8-8B4A-11D0-8D11-00A0C91BC942}") = "One", "One.vcxproj", "{B4ED49F6-97A4-3206-B016-D71B88DE666E}"
	ProjectSection(ProjectDependencies) = postProject
		{D399B64F-611C-341B-8D99-02D6FC9F7EC6} = {D399B64F-611C-341B-8D99-02D6FC9F7EC6}
		{27A4B1C2-17E1-3DF1-9680-62858E57F74F} = {27A4B1C2-17E1-3DF1-9680-62858E57F74F}
	EndProjectSection
EndProject
Project("{8BC9CEB8-8B4A-11D0-8D11-00A0C91BC942}") = "One_static", "One_static.vcxproj", "{B180ECEB-2325-3074-A6B3-485F844DBA01}"
	ProjectSection(ProjectDependencies) = postProject
		{D399B64F-611C-341B-8D99-02D6FC9F7EC6} = {D399B64F-611C-341B-8D99-02D6FC9F7EC6}
		{5900CF0D-DA86-3B4A-BD68-F6D9F5EF710F} = {5900CF0D-DA86-3B4A-BD68-F6D9F5EF710F}
	EndProjectSection
EndProject
Project("{8BC9CEB8-8B4A-11D0-8D11-00A0C91BC942}") = "Resizer", "Resizer.vcxproj", "{A8C59696-DB6D-326D-8C16-93002CBB5782}"
	ProjectSection(ProjectDependencies) = postProject
		{D399B64F-611C-341B-8D99-02D6FC9F7EC6} = {D399B64F-611C-341B-8D99-02D6FC9F7EC6}
		{27A4B1C2-17E1-3DF1-9680-62858E57F74F} = {27A4B1C2-17E1-3DF1-9680-62858E57F74F}
	EndProjectSection
EndProject
Project("{8BC9CEB8-8B4A-11D0-8D11-00A0C91BC942}") = "Resizer_static", "Resizer_static.vcxproj", "{661220A5-8132-35A7-ACD6-44B79DB27F11}"
	ProjectSection(ProjectDependencies) = postProject
		{D399B64F-611C-341B-8D99-02D6FC9F7EC6} = {D399B64F-611C-341B-8D99-02D6FC9F7EC6}
		{5900CF0D-DA86-3B4A-BD68-F6D9F5EF710F} = {5900CF0D-DA86-3B4A-BD68-F6D9F5EF710F}
	EndProjectSection
EndProject
Project("{8BC9CEB8-8B4A-11D0-8D11-00A0C91BC942}") = "ZERO_CHECK", "ZERO_CHECK.vcxproj", "{D399B64F-611C-341B-8D99-02D6FC9F7EC6}"
	ProjectSection(ProjectDependencies) = postProject
	EndProjectSection
EndProject
Project("{8BC9CEB8-8B4A-11D0-8D11-00A0C91BC942}") = "freeglut", "freeglut.vcxproj", "{27A4B1C2-17E1-3DF1-9680-62858E57F74F}"
	ProjectSection(ProjectDependencies) = postProject
		{D399B64F-611C-341B-8D99-02D6FC9F7EC6} = {D399B64F-611C-341B-8D99-02D6FC9F7EC6}
	EndProjectSection
EndProject
Project("{8BC9CEB8-8B4A-11D0-8D11-00A0C91BC942}") = "freeglut_static", "freeglut_static.vcxproj", "{5900CF0D-DA86-3B4A-BD68-F6D9F5EF710F}"
	ProjectSection(ProjectDependencies) = postProject
		{D399B64F-611C-341B-8D99-02D6FC9F7EC6} = {D399B64F-611C-341B-8D99-02D6FC9F7EC6}
	EndProjectSection
EndProject
Project("{8BC9CEB8-8B4A-11D0-8D11-00A0C91BC942}") = "multi-touch", "multi-touch.vcxproj", "{7B757306-7C52-357E-A712-02B9FD6D101C}"
	ProjectSection(ProjectDependencies) = postProject
		{D399B64F-611C-341B-8D99-02D6FC9F7EC6} = {D399B64F-611C-341B-8D99-02D6FC9F7EC6}
		{27A4B1C2-17E1-3DF1-9680-62858E57F74F} = {27A4B1C2-17E1-3DF1-9680-62858E57F74F}
	EndProjectSection
EndProject
Project("{8BC9CEB8-8B4A-11D0-8D11-00A0C91BC942}") = "multi-touch_static", "multi-touch_static.vcxproj", "{E51A1F22-64D9-38D0-9B1B-68B8FF55AB30}"
	ProjectSection(ProjectDependencies) = postProject
		{D399B64F-611C-341B-8D99-02D6FC9F7EC6} = {D399B64F-611C-341B-8D99-02D6FC9F7EC6}
		{5900CF0D-DA86-3B4A-BD68-F6D9F5EF710F} = {5900CF0D-DA86-3B4A-BD68-F6D9F5EF710F}
	EndProjectSection
EndProject
Project("{8BC9CEB8-8B4A-11D0-8D11-00A0C91BC942}") = "shapes", "shapes.vcxproj", "{F024D1CB-D0C0-31EE-B238-25FCDCB5B89F}"
	ProjectSection(ProjectDependencies) = postProject
		{D399B64F-611C-341B-8D99-02D6FC9F7EC6} = {D399B64F-611C-341B-8D99-02D6FC9F7EC6}
		{27A4B1C2-17E1-3DF1-9680-62858E57F74F} = {27A4B1C2-17E1-3DF1-9680-62858E57F74F}
	EndProjectSection
EndProject
Project("{8BC9CEB8-8B4A-11D0-8D11-00A0C91BC942}") = "shapes_static", "shapes_static.vcxproj", "{37F6A1E4-6033-3625-B553-673823F4F2B1}"
	ProjectSection(ProjectDependencies) = postProject
		{D399B64F-611C-341B-8D99-02D6FC9F7EC6} = {D399B64F-611C-341B-8D99-02D6FC9F7EC6}
		{5900CF0D-DA86-3B4A-BD68-F6D9F5EF710F} = {5900CF0D-DA86-3B4A-BD68-F6D9F5EF710F}
	EndProjectSection
EndProject
Project("{8BC9CEB8-8B4A-11D0-8D11-00A0C91BC942}") = "smooth_opengl3", "smooth_opengl3.vcxproj", "{9B2196DA-C699-3334-9630-64A6002354ED}"
	ProjectSection(ProjectDependencies) = postProject
		{D399B64F-611C-341B-8D99-02D6FC9F7EC6} = {D399B64F-611C-341B-8D99-02D6FC9F7EC6}
		{27A4B1C2-17E1-3DF1-9680-62858E57F74F} = {27A4B1C2-17E1-3DF1-9680-62858E57F74F}
	EndProjectSection
EndProject
Project("{8BC9CEB8-8B4A-11D0-8D11-00A0C91BC942}") = "smooth_opengl3_static", "smooth_opengl3_static.vcxproj", "{1CA0B4AD-7A53-3726-B784-56BFB3CD8920}"
	ProjectSection(ProjectDependencies) = postProject
		{D399B64F-611C-341B-8D99-02D6FC9F7EC6} = {D399B64F-611C-341B-8D99-02D6FC9F7EC6}
		{5900CF0D-DA86-3B4A-BD68-F6D9F5EF710F} = {5900CF0D-DA86-3B4A-BD68-F6D9F5EF710F}
	EndProjectSection
EndProject
Project("{8BC9CEB8-8B4A-11D0-8D11-00A0C91BC942}") = "subwin", "subwin.vcxproj", "{4215BF52-4C95-3F0C-81CD-4E0E17D7C9C2}"
	ProjectSection(ProjectDependencies) = postProject
		{D399B64F-611C-341B-8D99-02D6FC9F7EC6} = {D399B64F-611C-341B-8D99-02D6FC9F7EC6}
		{27A4B1C2-17E1-3DF1-9680-62858E57F74F} = {27A4B1C2-17E1-3DF1-9680-62858E57F74F}
	EndProjectSection
EndProject
Project("{8BC9CEB8-8B4A-11D0-8D11-00A0C91BC942}") = "subwin_static", "subwin_static.vcxproj", "{B062488E-B0D0-3601-99C5-58C7996EA1AD}"
	ProjectSection(ProjectDependencies) = postProject
		{D399B64F-611C-341B-8D99-02D6FC9F7EC6} = {D399B64F-611C-341B-8D99-02D6FC9F7EC6}
		{5900CF0D-DA86-3B4A-BD68-F6D9F5EF710F} = {5900CF0D-DA86-3B4A-BD68-F6D9F5EF710F}
	EndProjectSection
EndProject
Project("{8BC9CEB8-8B4A-11D0-8D11-00A0C91BC942}") = "timer", "timer.vcxproj", "{88CF107F-A351-3564-B998-03CD745967E6}"
	ProjectSection(ProjectDependencies) = postProject
		{D399B64F-611C-341B-8D99-02D6FC9F7EC6} = {D399B64F-611C-341B-8D99-02D6FC9F7EC6}
		{27A4B1C2-17E1-3DF1-9680-62858E57F74F} = {27A4B1C2-17E1-3DF1-9680-62858E57F74F}
	EndProjectSection
EndProject
Project("{8BC9CEB8-8B4A-11D0-8D11-00A0C91BC942}") = "timer_callback", "timer_callback.vcxproj", "{FC154830-1042-3E4A-8CEF-6C371835094D}"
	ProjectSection(ProjectDependencies) = postProject
		{D399B64F-611C-341B-8D99-02D6FC9F7EC6} = {D399B64F-611C-341B-8D99-02D6FC9F7EC6}
		{27A4B1C2-17E1-3DF1-9680-62858E57F74F} = {27A4B1C2-17E1-3DF1-9680-62858E57F74F}
	EndProjectSection
EndProject
Project("{8BC9CEB8-8B4A-11D0-8D11-00A0C91BC942}") = "timer_callback_static", "timer_callback_static.vcxproj", "{2B85B007-62BA-30BB-8BE7-ED45FD9FFAF3}"
	ProjectSection(ProjectDependencies) = postProject
		{D399B64F-611C-341B-8D99-02D6FC9F7EC6} = {D399B64F-611C-341B-8D99-02D6FC9F7EC6}
		{5900CF0D-DA86-3B4A-BD68-F6D9F5EF710F} = {5900CF0D-DA86-3B4A-BD68-F6D9F5EF710F}
	EndProjectSection
EndProject
Project("{8BC9CEB8-8B4A-11D0-8D11-00A0C91BC942}") = "timer_static", "timer_static.vcxproj", "{01E7CC49-BCCA-3661-88E6-9F6D1D1C2FC9}"
	ProjectSection(ProjectDependencies) = postProject
		{D399B64F-611C-341B-8D99-02D6FC9F7EC6} = {D399B64F-611C-341B-8D99-02D6FC9F7EC6}
		{5900CF0D-DA86-3B4A-BD68-F6D9F5EF710F} = {5900CF0D-DA86-3B4A-BD68-F6D9F5EF710F}
	EndProjectSection
EndProject
Global
	GlobalSection(SolutionConfigurationPlatforms) = preSolution
		Debug|x64 = Debug|x64
		Release|x64 = Release|x64
		MinSizeRel|x64 = MinSizeRel|x64
		RelWithDebInfo|x64 = RelWithDebInfo|x64
	EndGlobalSection
	GlobalSection(ProjectConfigurationPlatforms) = postSolution
		{6E88F021-45B3-3150-B760-3F9A690672F9}.Debug|x64.ActiveCfg = Debug|x64
		{6E88F021-45B3-3150-B760-3F9A690672F9}.Debug|x64.Build.0 = Debug|x64
		{6E88F021-45B3-3150-B760-3F9A690672F9}.Release|x64.ActiveCfg = Release|x64
		{6E88F021-45B3-3150-B760-3F9A690672F9}.Release|x64.Build.0 = Release|x64
		{6E88F021-45B3-3150-B760-3F9A690672F9}.MinSizeRel|x64.ActiveCfg = MinSizeRel|x64
		{6E88F021-45B3-3150-B760-3F9A690672F9}.MinSizeRel|x64.Build.0 = MinSizeRel|x64
		{6E88F021-45B3-3150-B760-3F9A690672F9}.RelWithDebInfo|x64.ActiveCfg = RelWithDebInfo|x64
		{6E88F021-45B3-3150-B760-3F9A690672F9}.RelWithDebInfo|x64.Build.0 = RelWithDebInfo|x64
		{72FDEAB5-7E55-38A6-B95B-53F2B50ED177}.Debug|x64.ActiveCfg = Debug|x64
		{72FDEAB5-7E55-38A6-B95B-53F2B50ED177}.Debug|x64.Build.0 = Debug|x64
		{72FDEAB5-7E55-38A6-B95B-53F2B50ED177}.Release|x64.ActiveCfg = Release|x64
		{72FDEAB5-7E55-38A6-B95B-53F2B50ED177}.Release|x64.Build.0 = Release|x64
		{72FDEAB5-7E55-38A6-B95B-53F2B50ED177}.MinSizeRel|x64.ActiveCfg = MinSizeRel|x64
		{72FDEAB5-7E55-38A6-B95B-53F2B50ED177}.MinSizeRel|x64.Build.0 = MinSizeRel|x64
		{72FDEAB5-7E55-38A6-B95B-53F2B50ED177}.RelWithDebInfo|x64.ActiveCfg = RelWithDebInfo|x64
		{72FDEAB5-7E55-38A6-B95B-53F2B50ED177}.RelWithDebInfo|x64.Build.0 = RelWithDebInfo|x64
		{DB237DBD-12E9-3B3C-AAA7-375A1F03F2DF}.Debug|x64.ActiveCfg = Debug|x64
		{DB237DBD-12E9-3B3C-AAA7-375A1F03F2DF}.Debug|x64.Build.0 = Debug|x64
		{DB237DBD-12E9-3B3C-AAA7-375A1F03F2DF}.Release|x64.ActiveCfg = Release|x64
		{DB237DBD-12E9-3B3C-AAA7-375A1F03F2DF}.Release|x64.Build.0 = Release|x64
		{DB237DBD-12E9-3B3C-AAA7-375A1F03F2DF}.MinSizeRel|x64.ActiveCfg = MinSizeRel|x64
		{DB237DBD-12E9-3B3C-AAA7-375A1F03F2DF}.MinSizeRel|x64.Build.0 = MinSizeRel|x64
		{DB237DBD-12E9-3B3C-AAA7-375A1F03F2DF}.RelWithDebInfo|x64.ActiveCfg = RelWithDebInfo|x64
		{DB237DBD-12E9-3B3C-AAA7-375A1F03F2DF}.RelWithDebInfo|x64.Build.0 = RelWithDebInfo|x64
		{588EB901-EC94-37AE-AFDB-AFD178883022}.Debug|x64.ActiveCfg = Debug|x64
		{588EB901-EC94-37AE-AFDB-AFD178883022}.Debug|x64.Build.0 = Debug|x64
		{588EB901-EC94-37AE-AFDB-AFD178883022}.Release|x64.ActiveCfg = Release|x64
		{588EB901-EC94-37AE-AFDB-AFD178883022}.Release|x64.Build.0 = Release|x64
		{588EB901-EC94-37AE-AFDB-AFD178883022}.MinSizeRel|x64.ActiveCfg = MinSizeRel|x64
		{588EB901-EC94-37AE-AFDB-AFD178883022}.MinSizeRel|x64.Build.0 = MinSizeRel|x64
		{588EB901-EC94-37AE-AFDB-AFD178883022}.RelWithDebInfo|x64.ActiveCfg = RelWithDebInfo|x64
		{588EB901-EC94-37AE-AFDB-AFD178883022}.RelWithDebInfo|x64.Build.0 = RelWithDebInfo|x64
		{F528D4B3-FC86-3638-909A-557D2DFD67E5}.Debug|x64.ActiveCfg = Debug|x64
		{F528D4B3-FC86-3638-909A-557D2DFD67E5}.Debug|x64.Build.0 = Debug|x64
		{F528D4B3-FC86-3638-909A-557D2DFD67E5}.Release|x64.ActiveCfg = Release|x64
		{F528D4B3-FC86-3638-909A-557D2DFD67E5}.Release|x64.Build.0 = Release|x64
		{F528D4B3-FC86-3638-909A-557D2DFD67E5}.MinSizeRel|x64.ActiveCfg = MinSizeRel|x64
		{F528D4B3-FC86-3638-909A-557D2DFD67E5}.MinSizeRel|x64.Build.0 = MinSizeRel|x64
		{F528D4B3-FC86-3638-909A-557D2DFD67E5}.RelWithDebInfo|x64.ActiveCfg = RelWithDebInfo|x64
		{F528D4B3-FC86-3638-909A-557D2DFD67E5}.RelWithDebInfo|x64.Build.0 = RelWithDebInfo|x64
		{C69E359A-623C-3CCB-9426-64E0E0CDC505}.Debug|x64.ActiveCfg = Debug|x64
		{C69E359A-623C-3CCB-9426-64E0E0CDC505}.Debug|x64.Build.0 = Debug|x64
		{C69E359A-623C-3CCB-9426-64E0E0CDC505}.Release|x64.ActiveCfg = Release|x64
		{C69E359A-623C-3CCB-9426-64E0E0CDC505}.Release|x64.Build.0 = Release|x64
		{C69E359A-623C-3CCB-9426-64E0E0CDC505}.MinSizeRel|x64.ActiveCfg = MinSizeRel|x64
		{C69E359A-623C-3CCB-9426-64E0E0CDC505}.MinSizeRel|x64.Build.0 = MinSizeRel|x64
		{C69E359A-623C-3CCB-9426-64E0E0CDC505}.RelWithDebInfo|x64.ActiveCfg = RelWithDebInfo|x64
		{C69E359A-623C-3CCB-9426-64E0E0CDC505}.RelWithDebInfo|x64.Build.0 = RelWithDebInfo|x64
		{6495AFA9-6CB2-3593-BE64-42BDB2E04ACC}.Debug|x64.ActiveCfg = Debug|x64
		{6495AFA9-6CB2-3593-BE64-42BDB2E04ACC}.Debug|x64.Build.0 = Debug|x64
		{6495AFA9-6CB2-3593-BE64-42BDB2E04ACC}.Release|x64.ActiveCfg = Release|x64
		{6495AFA9-6CB2-3593-BE64-42BDB2E04ACC}.Release|x64.Build.0 = Release|x64
		{6495AFA9-6CB2-3593-BE64-42BDB2E04ACC}.MinSizeRel|x64.ActiveCfg = MinSizeRel|x64
		{6495AFA9-6CB2-3593-BE64-42BDB2E04ACC}.MinSizeRel|x64.Build.0 = MinSizeRel|x64
		{6495AFA9-6CB2-3593-BE64-42BDB2E04ACC}.RelWithDebInfo|x64.ActiveCfg = RelWithDebInfo|x64
		{6495AFA9-6CB2-3593-BE64-42BDB2E04ACC}.RelWithDebInfo|x64.Build.0 = RelWithDebInfo|x64
		{F406BE06-251E-3C8F-884A-B73D238CDE69}.Debug|x64.ActiveCfg = Debug|x64
		{F406BE06-251E-3C8F-884A-B73D238CDE69}.Release|x64.ActiveCfg = Release|x64
		{F406BE06-251E-3C8F-884A-B73D238CDE69}.MinSizeRel|x64.ActiveCfg = MinSizeRel|x64
		{F406BE06-251E-3C8F-884A-B73D238CDE69}.RelWithDebInfo|x64.ActiveCfg = RelWithDebInfo|x64
		{CD6E884B-D7DD-3654-9336-CA69CA19906E}.Debug|x64.ActiveCfg = Debug|x64
		{CD6E884B-D7DD-3654-9336-CA69CA19906E}.Debug|x64.Build.0 = Debug|x64
		{CD6E884B-D7DD-3654-9336-CA69CA19906E}.Release|x64.ActiveCfg = Release|x64
		{CD6E884B-D7DD-3654-9336-CA69CA19906E}.Release|x64.Build.0 = Release|x64
		{CD6E884B-D7DD-3654-9336-CA69CA19906E}.MinSizeRel|x64.ActiveCfg = MinSizeRel|x64
		{CD6E884B-D7DD-3654-9336-CA69CA19906E}.MinSizeRel|x64.Build.0 = MinSizeRel|x64
		{CD6E884B-D7DD-3654-9336-CA69CA19906E}.RelWithDebInfo|x64.ActiveCfg = RelWithDebInfo|x64
		{CD6E884B-D7DD-3654-9336-CA69CA19906E}.RelWithDebInfo|x64.Build.0 = RelWithDebInfo|x64
		{04A23518-9027-3841-95AA-1F874930D491}.Debug|x64.ActiveCfg = Debug|x64
		{04A23518-9027-3841-95AA-1F874930D491}.Debug|x64.Build.0 = Debug|x64
		{04A23518-9027-3841-95AA-1F874930D491}.Release|x64.ActiveCfg = Release|x64
		{04A23518-9027-3841-95AA-1F874930D491}.Release|x64.Build.0 = Release|x64
		{04A23518-9027-3841-95AA-1F874930D491}.MinSizeRel|x64.ActiveCfg = MinSizeRel|x64
		{04A23518-9027-3841-95AA-1F874930D491}.MinSizeRel|x64.Build.0 = MinSizeRel|x64
		{04A23518-9027-3841-95AA-1F874930D491}.RelWithDebInfo|x64.ActiveCfg = RelWithDebInfo|x64
		{04A23518-9027-3841-95AA-1F874930D491}.RelWithDebInfo|x64.Build.0 = RelWithDebInfo|x64
		{B4ED49F6-97A4-3206-B016-D71B88DE666E}.Debug|x64.ActiveCfg = Debug|x64
		{B4ED49F6-97A4-3206-B016-D71B88DE666E}.Debug|x64.Build.0 = Debug|x64
		{B4ED49F6-97A4-3206-B016-D71B88DE666E}.Release|x64.ActiveCfg = Release|x64
		{B4ED49F6-97A4-3206-B016-D71B88DE666E}.Release|x64.Build.0 = Release|x64
		{B4ED49F6-97A4-3206-B016-D71B88DE666E}.MinSizeRel|x64.ActiveCfg = MinSizeRel|x64
		{B4ED49F6-97A4-3206-B016-D71B88DE666E}.MinSizeRel|x64.Build.0 = MinSizeRel|x64
		{B4ED49F6-97A4-3206-B016-D71B88DE666E}.RelWithDebInfo|x64.ActiveCfg = RelWithDebInfo|x64
		{B4ED49F6-97A4-3206-B016-D71B88DE666E}.RelWithDebInfo|x64.Build.0 = RelWithDebInfo|x64
		{B180ECEB-2325-3074-A6B3-485F844DBA01}.Debug|x64.ActiveCfg = Debug|x64
		{B180ECEB-2325-3074-A6B3-485F844DBA01}.Debug|x64.Build.0 = Debug|x64
		{B180ECEB-2325-3074-A6B3-485F844DBA01}.Release|x64.ActiveCfg = Release|x64
		{B180ECEB-2325-3074-A6B3-485F844DBA01}.Release|x64.Build.0 = Release|x64
		{B180ECEB-2325-3074-A6B3-485F844DBA01}.MinSizeRel|x64.ActiveCfg = MinSizeRel|x64
		{B180ECEB-2325-3074-A6B3-485F844DBA01}.MinSizeRel|x64.Build.0 = MinSizeRel|x64
		{B180ECEB-2325-3074-A6B3-485F844DBA01}.RelWithDebInfo|x64.ActiveCfg = RelWithDebInfo|x64
		{B180ECEB-2325-3074-A6B3-485F844DBA01}.RelWithDebInfo|x64.Build.0 = RelWithDebInfo|x64
		{A8C59696-DB6D-326D-8C16-93002CBB5782}.Debug|x64.ActiveCfg = Debug|x64
		{A8C59696-DB6D-326D-8C16-93002CBB5782}.Debug|x64.Build.0 = Debug|x64
		{A8C59696-DB6D-326D-8C16-93002CBB5782}.Release|x64.ActiveCfg = Release|x64
		{A8C59696-DB6D-326D-8C16-93002CBB5782}.Release|x64.Build.0 = Release|x64
		{A8C59696-DB6D-326D-8C16-93002CBB5782}.MinSizeRel|x64.ActiveCfg = MinSizeRel|x64
		{A8C59696-DB6D-326D-8C16-93002CBB5782}.MinSizeRel|x64.Build.0 = MinSizeRel|x64
		{A8C59696-DB6D-326D-8C16-93002CBB5782}.RelWithDebInfo|x64.ActiveCfg = RelWithDebInfo|x64
		{A8C59696-DB6D-326D-8C16-93002CBB5782}.RelWithDebInfo|x64.Build.0 = RelWithDebInfo|x64
		{661220A5-8132-35A7-ACD6-44B79DB27F11}.Debug|x64.ActiveCfg = Debug|x64
		{661220A5-8132-35A7-ACD6-44B79DB27F11}.Debug|x64.Build.0 = Debug|x64
		{661220A5-8132-35A7-ACD6-44B79DB27F11}.Release|x64.ActiveCfg = Release|x64
		{661220A5-8132-35A7-ACD6-44B79DB27F11}.Release|x64.Build.0 = Release|x64
		{661220A5-8132-35A7-ACD6-44B79DB27F11}.MinSizeRel|x64.ActiveCfg = MinSizeRel|x64
		{661220A5-8132-35A7-ACD6-44B79DB27F11}.MinSizeRel|x64.Build.0 = MinSizeRel|x64
		{661220A5-8132-35A7-ACD6-44B79DB27F11}.RelWithDebInfo|x64.ActiveCfg = RelWithDebInfo|x64
		{661220A5-8132-35A7-ACD6-44B79DB27F11}.RelWithDebInfo|x64.Build.0 = RelWithDebInfo|x64
		{D399B64F-611C-341B-8D99-02D6FC9F7EC6}.Debug|x64.ActiveCfg = Debug|x64
		{D399B64F-611C-341B-8D99-02D6FC9F7EC6}.Debug|x64.Build.0 = Debug|x64
		{D399B64F-611C-341B-8D99-02D6FC9F7EC6}.Release|x64.ActiveCfg = Release|x64
		{D399B64F-611C-341B-8D99-02D6FC9F7EC6}.Release|x64.Build.0 = Release|x64
		{D399B64F-611C-341B-8D99-02D6FC9F7EC6}.MinSizeRel|x64.ActiveCfg = MinSizeRel|x64
		{D399B64F-611C-341B-8D99-02D6FC9F7EC6}.MinSizeRel|x64.Build.0 = MinSizeRel|x64
		{D399B64F-611C-341B-8D99-02D6FC9F7EC6}.RelWithDebInfo|x64.ActiveCfg = RelWithDebInfo|x64
		{D399B64F-611C-341B-8D99-02D6FC9F7EC6}.RelWithDebInfo|x64.Build.0 = RelWithDebInfo|x64
		{27A4B1C2-17E1-3DF1-9680-62858E57F74F}.Debug|x64.ActiveCfg = Debug|x64
		{27A4B1C2-17E1-3DF1-9680-62858E57F74F}.Debug|x64.Build.0 = Debug|x64
		{27A4B1C2-17E1-3DF1-9680-62858E57F74F}.Release|x64.ActiveCfg = Release|x64
		{27A4B1C2-17E1-3DF1-9680-62858E57F74F}.Release|x64.Build.0 = Release|x64
		{27A4B1C2-17E1-3DF1-9680-62858E57F74F}.MinSizeRel|x64.ActiveCfg = MinSizeRel|x64
		{27A4B1C2-17E1-3DF1-9680-62858E57F74F}.MinSizeRel|x64.Build.0 = MinSizeRel|x64
		{27A4B1C2-17E1-3DF1-9680-62858E57F74F}.RelWithDebInfo|x64.ActiveCfg = RelWithDebInfo|x64
		{27A4B1C2-17E1-3DF1-9680-62858E57F74F}.RelWithDebInfo|x64.Build.0 = RelWithDebInfo|x64
		{5900CF0D-DA86-3B4A-BD68-F6D9F5EF710F}.Debug|x64.ActiveCfg = Debug|x64
		{5900CF0D-DA86-3B4A-BD68-F6D9F5EF710F}.Debug|x64.Build.0 = Debug|x64
		{5900CF0D-DA86-3B4A-BD68-F6D9F5EF710F}.Release|x64.ActiveCfg = Release|x64
		{5900CF0D-DA86-3B4A-BD68-F6D9F5EF710F}.Release|x64.Build.0 = Release|x64
		{5900CF0D-DA86-3B4A-BD68-F6D9F5EF710F}.MinSizeRel|x64.ActiveCfg = MinSizeRel|x64
		{5900CF0D-DA86-3B4A-BD68-F6D9F5EF710F}.MinSizeRel|x64.Build.0 = MinSizeRel|x64
		{5900CF0D-DA86-3B4A-BD68-F6D9F5EF710F}.RelWithDebInfo|x64.ActiveCfg = RelWithDebInfo|x64
		{5900CF0D-DA86-3B4A-BD68-F6D9F5EF710F}.RelWithDebInfo|x64.Build.0 = RelWithDebInfo|x64
		{7B757306-7C52-357E-A712-02B9FD6D101C}.Debug|x64.ActiveCfg = Debug|x64
		{7B757306-7C52-357E-A712-02B9FD6D101C}.Debug|x64.Build.0 = Debug|x64
		{7B757306-7C52-357E-A712-02B9FD6D101C}.Release|x64.ActiveCfg = Release|x64
		{7B757306-7C52-357E-A712-02B9FD6D101C}.Release|x64.Build.0 = Release|x64
		{7B757306-7C52-357E-A712-02B9FD6D101C}.MinSizeRel|x64.ActiveCfg = MinSizeRel|x64
		{7B757306-7C52-357E-A712-02B9FD6D101C}.MinSizeRel|x64.Build.0 = MinSizeRel|x64
		{7B757306-7C52-357E-A712-02B9FD6D101C}.RelWithDebInfo|x64.ActiveCfg = RelWithDebInfo|x64
		{7B757306-7C52-357E-A712-02B9FD6D101C}.RelWithDebInfo|x64.Build.0 = RelWithDebInfo|x64
		{E51A1F22-64D9-38D0-9B1B-68B8FF55AB30}.Debug|x64.ActiveCfg = Debug|x64
		{E51A1F22-64D9-38D0-9B1B-68B8FF55AB30}.Debug|x64.Build.0 = Debug|x64
		{E51A1F22-64D9-38D0-9B1B-68B8FF55AB30}.Release|x64.ActiveCfg = Release|x64
		{E51A1F22-64D9-38D0-9B1B-68B8FF55AB30}.Release|x64.Build.0 = Release|x64
		{E51A1F22-64D9-38D0-9B1B-68B8FF55AB30}.MinSizeRel|x64.ActiveCfg = MinSizeRel|x64
		{E51A1F22-64D9-38D0-9B1B-68B8FF55AB30}.MinSizeRel|x64.Build.0 = MinSizeRel|x64
		{E51A1F22-64D9-38D0-9B1B-68B8FF55AB30}.RelWithDebInfo|x64.ActiveCfg = RelWithDebInfo|x64
		{E51A1F22-64D9-38D0-9B1B-68B8FF55AB30}.RelWithDebInfo|x64.Build.0 = RelWithDebInfo|x64
		{F024D1CB-D0C0-31EE-B238-25FCDCB5B89F}.Debug|x64.ActiveCfg = Debug|x64
		{F024D1CB-D0C0-31EE-B238-25FCDCB5B89F}.Debug|x64.Build.0 = Debug|x64
		{F024D1CB-D0C0-31EE-B238-25FCDCB5B89F}.Release|x64.ActiveCfg = Release|x64
		{F024D1CB-D0C0-31EE-B238-25FCDCB5B89F}.Release|x64.Build.0 = Release|x64
		{F024D1CB-D0C0-31EE-B238-25FCDCB5B89F}.MinSizeRel|x64.ActiveCfg = MinSizeRel|x64
		{F024D1CB-D0C0-31EE-B238-25FCDCB5B89F}.MinSizeRel|x64.Build.0 = MinSizeRel|x64
		{F024D1CB-D0C0-31EE-B238-25FCDCB5B89F}.RelWithDebInfo|x64.ActiveCfg = RelWithDebInfo|x64
		{F024D1CB-D0C0-31EE-B238-25FCDCB5B89F}.RelWithDebInfo|x64.Build.0 = RelWithDebInfo|x64
		{37F6A1E4-6033-3625-B553-673823F4F2B1}.Debug|x64.ActiveCfg = Debug|x64
		{37F6A1E4-6033-3625-B553-673823F4F2B1}.Debug|x64.Build.0 = Debug|x64
		{37F6A1E4-6033-3625-B553-673823F4F2B1}.Release|x64.ActiveCfg = Release|x64
		{37F6A1E4-6033-3625-B553-673823F4F2B1}.Release|x64.Build.0 = Release|x64
		{37F6A1E4-6033-3625-B553-673823F4F2B1}.MinSizeRel|x64.ActiveCfg = MinSizeRel|x64
		{37F6A1E4-6033-3625-B553-673823F4F2B1}.MinSizeRel|x64.Build.0 = MinSizeRel|x64
		{37F6A1E4-6033-3625-B553-673823F4F2B1}.RelWithDebInfo|x64.ActiveCfg = RelWithDebInfo|x64
		{37F6A1E4-6033-3625-B553-673823F4F2B1}.RelWithDebInfo|x64.Build.0 = RelWithDebInfo|x64
		{9B2196DA-C699-3334-9630-64A6002354ED}.Debug|x64.ActiveCfg = Debug|x64
		{9B2196DA-C699-3334-9630-64A6002354ED}.Debug|x64.Build.0 = Debug|x64
		{9B2196DA-C699-3334-9630-64A6002354ED}.Release|x64.ActiveCfg = Release|x64
		{9B2196DA-C699-3334-9630-64A6002354ED}.Release|x64.Build.0 = Release|x64
		{9B2196DA-C699-3334-9630-64A6002354ED}.MinSizeRel|x64.ActiveCfg = MinSizeRel|x64
		{9B2196DA-C699-3334-9630-64A6002354ED}.MinSizeRel|x64.Build.0 = MinSizeRel|x64
		{9B2196DA-C699-3334-9630-64A6002354ED}.RelWithDebInfo|x64.ActiveCfg = RelWithDebInfo|x64
		{9B2196DA-C699-3334-9630-64A6002354ED}.RelWithDebInfo|x64.Build.0 = RelWithDebInfo|x64
		{1CA0B4AD-7A53-3726-B784-56BFB3CD8920}.Debug|x64.ActiveCfg = Debug|x64
		{1CA0B4AD-7A53-3726-B784-56BFB3CD8920}.Debug|x64.Build.0 = Debug|x64
		{1CA0B4AD-7A53-3726-B784-56BFB3CD8920}.Release|x64.ActiveCfg = Release|x64
		{1CA0B4AD-7A53-3726-B784-56BFB3CD8920}.Release|x64.Build.0 = Release|x64
		{1CA0B4AD-7A53-3726-B784-56BFB3CD8920}.MinSizeRel|x64.ActiveCfg = MinSizeRel|x64
		{1CA0B4AD-7A53-3726-B784-56BFB3CD8920}.MinSizeRel|x64.Build.0 = MinSizeRel|x64
		{1CA0B4AD-7A53-3726-B784-56BFB3CD8920}.RelWithDebInfo|x64.ActiveCfg = RelWithDebInfo|x64
		{1CA0B4AD-7A53-3726-B784-56BFB3CD8920}.RelWithDebInfo|x64.Build.0 = RelWithDebInfo|x64
		{4215BF52-4C95-3F0C-81CD-4E0E17D7C9C2}.Debug|x64.ActiveCfg = Debug|x64
		{4215BF52-4C95-3F0C-81CD-4E0E17D7C9C2}.Debug|x64.Build.0 = Debug|x64
		{4215BF52-4C95-3F0C-81CD-4E0E17D7C9C2}.Release|x64.ActiveCfg = Release|x64
		{4215BF52-4C95-3F0C-81CD-4E0E17D7C9C2}.Release|x64.Build.0 = Release|x64
		{4215BF52-4C95-3F0C-81CD-4E0E17D7C9C2}.MinSizeRel|x64.ActiveCfg = MinSizeRel|x64
		{4215BF52-4C95-3F0C-81CD-4E0E17D7C9C2}.MinSizeRel|x64.Build.0 = MinSizeRel|x64
		{4215BF52-4C95-3F0C-81CD-4E0E17D7C9C2}.RelWithDebInfo|x64.ActiveCfg = RelWithDebInfo|x64
		{4215BF52-4C95-3F0C-81CD-4E0E17D7C9C2}.RelWithDebInfo|x64.Build.0 = RelWithDebInfo|x64
		{B062488E-B0D0-3601-99C5-58C7996EA1AD}.Debug|x64.ActiveCfg = Debug|x64
		{B062488E-B0D0-3601-99C5-58C7996EA1AD}.Debug|x64.Build.0 = Debug|x64
		{B062488E-B0D0-3601-99C5-58C7996EA1AD}.Release|x64.ActiveCfg = Release|x64
		{B062488E-B0D0-3601-99C5-58C7996EA1AD}.Release|x64.Build.0 = Release|x64
		{B062488E-B0D0-3601-99C5-58C7996EA1AD}.MinSizeRel|x64.ActiveCfg = MinSizeRel|x64
		{B062488E-B0D0-3601-99C5-58C7996EA1AD}.MinSizeRel|x64.Build.0 = MinSizeRel|x64
		{B062488E-B0D0-3601-99C5-58C7996EA1AD}.RelWithDebInfo|x64.ActiveCfg = RelWithDebInfo|x64
		{B062488E-B0D0-3601-99C5-58C7996EA1AD}.RelWithDebInfo|x64.Build.0 = RelWithDebInfo|x64
		{88CF107F-A351-3564-B998-03CD745967E6}.Debug|x64.ActiveCfg = Debug|x64
		{88CF107F-A351-3564-B998-03CD745967E6}.Debug|x64.Build.0 = Debug|x64
		{88CF107F-A351-3564-B998-03CD745967E6}.Release|x64.ActiveCfg = Release|x64
		{88CF107F-A351-3564-B998-03CD745967E6}.Release|x64.Build.0 = Release|x64
		{88CF107F-A351-3564-B998-03CD745967E6}.MinSizeRel|x64.ActiveCfg = MinSizeRel|x64
		{88CF107F-A351-3564-B998-03CD745967E6}.MinSizeRel|x64.Build.0 = MinSizeRel|x64
		{88CF107F-A351-3564-B998-03CD745967E6}.RelWithDebInfo|x64.ActiveCfg = RelWithDebInfo|x64
		{88CF107F-A351-3564-B998-03CD745967E6}.RelWithDebInfo|x64.Build.0 = RelWithDebInfo|x64
		{FC154830-1042-3E4A-8CEF-6C371835094D}.Debug|x64.ActiveCfg = Debug|x64
		{FC154830-1042-3E4A-8CEF-6C371835094D}.Debug|x64.Build.0 = Debug|x64
		{FC154830-1042-3E4A-8CEF-6C371835094D}.Release|x64.ActiveCfg = Release|x64
		{FC154830-1042-3E4A-8CEF-6C371835094D}.Release|x64.Build.0 = Release|x64
		{FC154830-1042-3E4A-8CEF-6C371835094D}.MinSizeRel|x64.ActiveCfg = MinSizeRel|x64
		{FC154830-1042-3E4A-8CEF-6C371835094D}.MinSizeRel|x64.Build.0 = MinSizeRel|x64
		{FC154830-1042-3E4A-8CEF-6C371835094D}.RelWithDebInfo|x64.ActiveCfg = RelWithDebInfo|x64
		{FC154830-1042-3E4A-8CEF-6C371835094D}.RelWithDebInfo|x64.Build.0 = RelWithDebInfo|x64
		{2B85B007-62BA-30BB-8BE7-ED45FD9FFAF3}.Debug|x64.ActiveCfg = Debug|x64
		{2B85B007-62BA-30BB-8BE7-ED45FD9FFAF3}.Debug|x64.Build.0 = Debug|x64
		{2B85B007-62BA-30BB-8BE7-ED45FD9FFAF3}.Release|x64.ActiveCfg = Release|x64
		{2B85B007-62BA-30BB-8BE7-ED45FD9FFAF3}.Release|x64.Build.0 = Release|x64
		{2B85B007-62BA-30BB-8BE7-ED45FD9FFAF3}.MinSizeRel|x64.ActiveCfg = MinSizeRel|x64
		{2B85B007-62BA-30BB-8BE7-ED45FD9FFAF3}.MinSizeRel|x64.Build.0 = MinSizeRel|x64
		{2B85B007-62BA-30BB-8BE7-ED45FD9FFAF3}.RelWithDebInfo|x64.ActiveCfg = RelWithDebInfo|x64
		{2B85B007-62BA-30BB-8BE7-ED45FD9FFAF3}.RelWithDebInfo|x64.Build.0 = RelWithDebInfo|x64
		{01E7CC49-BCCA-3661-88E6-9F6D1D1C2FC9}.Debug|x64.ActiveCfg = Debug|x64
		{01E7CC49-BCCA-3661-88E6-9F6D1D1C2FC9}.Debug|x64.Build.0 = Debug|x64
		{01E7CC49-BCCA-3661-88E6-9F6D1D1C2FC9}.Release|x64.ActiveCfg = Release|x64
		{01E7CC49-BCCA-3661-88E6-9F6D1D1C2FC9}.Release|x64.Build.0 = Release|x64
		{01E7CC49-BCCA-3661-88E6-9F6D1D1C2FC9}.MinSizeRel|x64.ActiveCfg = MinSizeRel|x64
		{01E7CC49-BCCA-3661-88E6-9F6D1D1C2FC9}.MinSizeRel|x64.Build.0 = MinSizeRel|x64
		{01E7CC49-BCCA-3661-88E6-9F6D1D1C2FC9}.RelWithDebInfo|x64.ActiveCfg = RelWithDebInfo|x64
		{01E7CC49-BCCA-3661-88E6-9F6D1D1C2FC9}.RelWithDebInfo|x64.Build.0 = RelWithDebInfo|x64
	EndGlobalSection
	GlobalSection(ExtensibilityGlobals) = postSolution
		SolutionGuid = {DC17340D-D085-39C6-B091-69F29E02E8B8}
	EndGlobalSection
	GlobalSection(ExtensibilityAddIns) = postSolution
	EndGlobalSection
EndGlobal
